
Microsoft Visual Studio Solution File, Format Version 12.00
# Visual Studio 14
VisualStudioVersion = 14.0.24720.0
MinimumVisualStudioVersion = 10.0.40219.1
Project("{FAE04EC0-301F-11D3-BF4B-00C04F79EFBC}") = "Test2", "Test2\Test2.csproj", "{5E25240C-E785-445B-B428-87023D4F3EFE}"
EndProject
Project("{FAE04EC0-301F-11D3-BF4B-00C04F79EFBC}") = "AddressBook", "AddressBook\AddressBook.csproj", "{6B6C2743-4FE7-459F-BC33-652E4896B950}"
EndProject
Project("{FAE04EC0-301F-11D3-BF4B-00C04F79EFBC}") = "Logger", "Logger\Logger.csproj", "{ED4435F5-CE37-468C-A45B-68DB459FA0BC}"
EndProject
Global
	GlobalSection(SolutionConfigurationPlatforms) = preSolution
		Debug|Any CPU = Debug|Any CPU
		Release|Any CPU = Release|Any CPU
	EndGlobalSection
	GlobalSection(ProjectConfigurationPlatforms) = postSolution
		{5E25240C-E785-445B-B428-87023D4F3EFE}.Debug|Any CPU.ActiveCfg = Debug|Any CPU
		{5E25240C-E785-445B-B428-87023D4F3EFE}.Debug|Any CPU.Build.0 = Debug|Any CPU
		{5E25240C-E785-445B-B428-87023D4F3EFE}.Release|Any CPU.ActiveCfg = Release|Any CPU
		{5E25240C-E785-445B-B428-87023D4F3EFE}.Release|Any CPU.Build.0 = Release|Any CPU
		{6B6C2743-4FE7-459F-BC33-652E4896B950}.Debug|Any CPU.ActiveCfg = Debug|Any CPU
		{6B6C2743-4FE7-459F-BC33-652E4896B950}.Debug|Any CPU.Build.0 = Debug|Any CPU
		{6B6C2743-4FE7-459F-BC33-652E4896B950}.Release|Any CPU.ActiveCfg = Release|Any CPU
		{6B6C2743-4FE7-459F-BC33-652E4896B950}.Release|Any CPU.Build.0 = Release|Any CPU
		{ED4435F5-CE37-468C-A45B-68DB459FA0BC}.Debug|Any CPU.ActiveCfg = Debug|Any CPU
		{ED4435F5-CE37-468C-A45B-68DB459FA0BC}.Debug|Any CPU.Build.0 = Debug|Any CPU
		{ED4435F5-CE37-468C-A45B-68DB459FA0BC}.Release|Any CPU.ActiveCfg = Release|Any CPU
		{ED4435F5-CE37-468C-A45B-68DB459FA0BC}.Release|Any CPU.Build.0 = Release|Any CPU
	EndGlobalSection
	GlobalSection(SolutionProperties) = preSolution
		HideSolutionNode = FALSE
	EndGlobalSection
EndGlobal
